{
	"name": "@mapbul-pub/server",
	"version": "1.0.0",
	"lockfileVersion": 1,
	"requires": true,
	"dependencies": {
		"@nestjs/common": {
			"version": "6.8.2",
			"resolved": "https://registry.npmjs.org/@nestjs/common/-/common-6.8.2.tgz",
			"integrity": "sha512-dIHT8L6lQbKKPlVdMG/K00o1rZRI8Y9+Tz6vwQi6flBTnbotPerRF7ppcCABvqnpKi3gOzgph8iV7eOCMFdMRw==",
			"requires": {
				"axios": "0.19.0",
				"cli-color": "1.4.0",
				"uuid": "3.3.3"
			}
		},
		"@types/mysql": {
			"version": "2.15.7",
			"resolved": "https://registry.npmjs.org/@types/mysql/-/mysql-2.15.7.tgz",
			"integrity": "sha512-S7cpDl+heeTe2zd7LGeAodEsx9AnkzW1vHJ9kKwr9ype1KohW01jaUmCYhpafrQvnxzcUJAfeYdDr3fET8ufPw==",
			"dev": true,
			"requires": {
				"@types/node": "*"
			}
		},
		"@types/node": {
			"version": "12.7.11",
			"resolved": "https://registry.npmjs.org/@types/node/-/node-12.7.11.tgz",
			"integrity": "sha512-Otxmr2rrZLKRYIybtdG/sgeO+tHY20GxeDjcGmUnmmlCWyEnv2a2x1ZXBo3BTec4OiTXMQCiazB8NMBf0iRlFw==",
			"dev": true
		},
		"ansi-regex": {
			"version": "2.1.1",
			"resolved": "https://registry.npmjs.org/ansi-regex/-/ansi-regex-2.1.1.tgz",
			"integrity": "sha1-w7M6te42DYbg5ijwRorn7yfWVN8="
		},
		"app-root-path": {
			"version": "2.2.1",
			"resolved": "https://registry.npmjs.org/app-root-path/-/app-root-path-2.2.1.tgz",
			"integrity": "sha512-91IFKeKk7FjfmezPKkwtaRvSpnUc4gDwPAjA1YZ9Gn0q0PPeW+vbeUsZuyDwjI7+QTHhcLen2v25fi/AmhvbJA=="
		},
		"axios": {
			"version": "0.19.0",
			"resolved": "https://registry.npmjs.org/axios/-/axios-0.19.0.tgz",
			"integrity": "sha512-1uvKqKQta3KBxIz14F2v06AEHZ/dIoeKfbTRkK1E5oqjDnuEerLmYTgJB5AiQZHJcljpg1TuRzdjDR06qNk0DQ==",
			"requires": {
				"follow-redirects": "1.5.10",
				"is-buffer": "^2.0.2"
			}
		},
		"bignumber.js": {
			"version": "7.2.1",
			"resolved": "https://registry.npmjs.org/bignumber.js/-/bignumber.js-7.2.1.tgz",
			"integrity": "sha512-S4XzBk5sMB+Rcb/LNcpzXr57VRTxgAvaAEDAl1AwRx27j00hT84O6OkteE7u8UB3NuaaygCRrEpqox4uDOrbdQ=="
		},
		"cli-color": {
			"version": "1.4.0",
			"resolved": "https://registry.npmjs.org/cli-color/-/cli-color-1.4.0.tgz",
			"integrity": "sha512-xu6RvQqqrWEo6MPR1eixqGPywhYBHRs653F9jfXB2Hx4jdM/3WxiNE1vppRmxtMIfl16SFYTpYlrnqH/HsK/2w==",
			"requires": {
				"ansi-regex": "^2.1.1",
				"d": "1",
				"es5-ext": "^0.10.46",
				"es6-iterator": "^2.0.3",
				"memoizee": "^0.4.14",
				"timers-ext": "^0.1.5"
			}
		},
		"core-util-is": {
			"version": "1.0.2",
			"resolved": "https://registry.npmjs.org/core-util-is/-/core-util-is-1.0.2.tgz",
			"integrity": "sha1-tf1UIgqivFq1eqtxQMlAdUUDwac="
		},
		"d": {
			"version": "1.0.1",
			"resolved": "https://registry.npmjs.org/d/-/d-1.0.1.tgz",
			"integrity": "sha512-m62ShEObQ39CfralilEQRjH6oAMtNCV1xJyEx5LpRYUVN+EviphDgUc/F3hnYbADmkiNs67Y+3ylmlG7Lnu+FA==",
			"requires": {
				"es5-ext": "^0.10.50",
				"type": "^1.0.1"
			}
		},
		"debug": {
			"version": "3.1.0",
			"resolved": "https://registry.npmjs.org/debug/-/debug-3.1.0.tgz",
			"integrity": "sha512-OX8XqP7/1a9cqkxYw2yXss15f26NKWBpDXQd0/uK/KPqdQhxbPa994hnzjcE2VqQpDslf55723cKPUOGSmMY3g==",
			"requires": {
				"ms": "2.0.0"
			}
		},
		"es5-ext": {
			"version": "0.10.51",
			"resolved": "https://registry.npmjs.org/es5-ext/-/es5-ext-0.10.51.tgz",
			"integrity": "sha512-oRpWzM2WcLHVKpnrcyB7OW8j/s67Ba04JCm0WnNv3RiABSvs7mrQlutB8DBv793gKcp0XENR8Il8WxGTlZ73gQ==",
			"requires": {
				"es6-iterator": "~2.0.3",
				"es6-symbol": "~3.1.1",
				"next-tick": "^1.0.0"
			}
		},
		"es6-iterator": {
			"version": "2.0.3",
			"resolved": "https://registry.npmjs.org/es6-iterator/-/es6-iterator-2.0.3.tgz",
			"integrity": "sha1-p96IkUGgWpSwhUQDstCg+/qY87c=",
			"requires": {
				"d": "1",
				"es5-ext": "^0.10.35",
				"es6-symbol": "^3.1.1"
			}
		},
		"es6-symbol": {
			"version": "3.1.2",
			"resolved": "https://registry.npmjs.org/es6-symbol/-/es6-symbol-3.1.2.tgz",
			"integrity": "sha512-/ZypxQsArlv+KHpGvng52/Iz8by3EQPxhmbuz8yFG89N/caTFBSbcXONDw0aMjy827gQg26XAjP4uXFvnfINmQ==",
			"requires": {
				"d": "^1.0.1",
				"es5-ext": "^0.10.51"
			}
		},
		"es6-weak-map": {
			"version": "2.0.3",
			"resolved": "https://registry.npmjs.org/es6-weak-map/-/es6-weak-map-2.0.3.tgz",
			"integrity": "sha512-p5um32HOTO1kP+w7PRnB+5lQ43Z6muuMuIMffvDN8ZB4GcnjLBV6zGStpbASIMk4DCAvEaamhe2zhyCb/QXXsA==",
			"requires": {
				"d": "1",
				"es5-ext": "^0.10.46",
				"es6-iterator": "^2.0.3",
				"es6-symbol": "^3.1.1"
			}
		},
		"event-emitter": {
			"version": "0.3.5",
			"resolved": "https://registry.npmjs.org/event-emitter/-/event-emitter-0.3.5.tgz",
			"integrity": "sha1-34xp7vFkeSPHFXuc6DhAYQsCzDk=",
			"requires": {
				"d": "1",
				"es5-ext": "~0.10.14"
			}
		},
		"follow-redirects": {
			"version": "1.5.10",
			"resolved": "https://registry.npmjs.org/follow-redirects/-/follow-redirects-1.5.10.tgz",
			"integrity": "sha512-0V5l4Cizzvqt5D44aTXbFZz+FtyXV1vrDN6qrelxtfYQKW0KO0W2T/hkE8xvGa/540LkZlkaUjO4ailYTFtHVQ==",
			"requires": {
				"debug": "=3.1.0"
			}
		},
		"inherits": {
			"version": "2.0.4",
			"resolved": "https://registry.npmjs.org/inherits/-/inherits-2.0.4.tgz",
			"integrity": "sha512-k/vGaX4/Yla3WzyMCvTQOXYeIHvqOKtnqBduzTHpzpQZzAskKMhZ2K+EnBiSM9zGSoIFeMpXKxa4dYeZIQqewQ=="
		},
		"is-buffer": {
			"version": "2.0.4",
			"resolved": "https://registry.npmjs.org/is-buffer/-/is-buffer-2.0.4.tgz",
			"integrity": "sha512-Kq1rokWXOPXWuaMAqZiJW4XxsmD9zGx9q4aePabbn3qCRGedtH7Cm+zV8WETitMfu1wdh+Rvd6w5egwSngUX2A=="
		},
		"is-promise": {
			"version": "2.1.0",
			"resolved": "https://registry.npmjs.org/is-promise/-/is-promise-2.1.0.tgz",
			"integrity": "sha1-eaKp7OfwlugPNtKy87wWwf9L8/o="
		},
		"isarray": {
			"version": "1.0.0",
			"resolved": "https://registry.npmjs.org/isarray/-/isarray-1.0.0.tgz",
			"integrity": "sha1-u5NdSFgsuhaMBoNJV6VKPgcSTxE="
		},
		"lru-queue": {
			"version": "0.1.0",
			"resolved": "https://registry.npmjs.org/lru-queue/-/lru-queue-0.1.0.tgz",
			"integrity": "sha1-Jzi9nw089PhEkMVzbEhpmsYyzaM=",
			"requires": {
				"es5-ext": "~0.10.2"
			}
		},
		"memoizee": {
			"version": "0.4.14",
			"resolved": "https://registry.npmjs.org/memoizee/-/memoizee-0.4.14.tgz",
			"integrity": "sha512-/SWFvWegAIYAO4NQMpcX+gcra0yEZu4OntmUdrBaWrJncxOqAziGFlHxc7yjKVK2uu3lpPW27P27wkR82wA8mg==",
			"requires": {
				"d": "1",
				"es5-ext": "^0.10.45",
				"es6-weak-map": "^2.0.2",
				"event-emitter": "^0.3.5",
				"is-promise": "^2.1",
				"lru-queue": "0.1",
				"next-tick": "1",
				"timers-ext": "^0.1.5"
			}
		},
		"ms": {
			"version": "2.0.0",
			"resolved": "https://registry.npmjs.org/ms/-/ms-2.0.0.tgz",
			"integrity": "sha1-VgiurfwAvmwpAd9fmGF4jeDVl8g="
		},
		"mysql": {
			"version": "2.17.1",
			"resolved": "https://registry.npmjs.org/mysql/-/mysql-2.17.1.tgz",
			"integrity": "sha512-7vMqHQ673SAk5C8fOzTG2LpPcf3bNt0oL3sFpxPEEFp1mdlDcrLK0On7z8ZYKaaHrHwNcQ/MTUz7/oobZ2OyyA==",
			"requires": {
				"bignumber.js": "7.2.1",
				"readable-stream": "2.3.6",
				"safe-buffer": "5.1.2",
				"sqlstring": "2.3.1"
			}
		},
		"next-tick": {
			"version": "1.0.0",
			"resolved": "https://registry.npmjs.org/next-tick/-/next-tick-1.0.0.tgz",
			"integrity": "sha1-yobR/ogoFpsBICCOPchCS524NCw="
		},
		"process-nextick-args": {
			"version": "2.0.1",
			"resolved": "https://registry.npmjs.org/process-nextick-args/-/process-nextick-args-2.0.1.tgz",
			"integrity": "sha512-3ouUOpQhtgrbOa17J7+uxOTpITYWaGP7/AhoR3+A+/1e9skrzelGi/dXzEYyvbxubEF6Wn2ypscTKiKJFFn1ag=="
		},
		"readable-stream": {
			"version": "2.3.6",
			"resolved": "https://registry.npmjs.org/readable-stream/-/readable-stream-2.3.6.tgz",
			"integrity": "sha512-tQtKA9WIAhBF3+VLAseyMqZeBjW0AHJoxOtYqSUZNJxauErmLbVm2FW1y+J/YA9dUrAC39ITejlZWhVIwawkKw==",
			"requires": {
				"core-util-is": "~1.0.0",
				"inherits": "~2.0.3",
				"isarray": "~1.0.0",
				"process-nextick-args": "~2.0.0",
				"safe-buffer": "~5.1.1",
				"string_decoder": "~1.1.1",
				"util-deprecate": "~1.0.1"
			}
		},
		"safe-buffer": {
			"version": "5.1.2",
			"resolved": "https://registry.npmjs.org/safe-buffer/-/safe-buffer-5.1.2.tgz",
			"integrity": "sha512-Gd2UZBJDkXlY7GbJxfsE8/nvKkUEU1G38c1siN6QP6a9PT9MmHB8GnpscSmMJSoF8LOIrt8ud/wPtojys4G6+g=="
		},
		"sqlstring": {
			"version": "2.3.1",
			"resolved": "https://registry.npmjs.org/sqlstring/-/sqlstring-2.3.1.tgz",
			"integrity": "sha1-R1OT/56RR5rqYtyvDKPRSYOn+0A="
		},
		"string_decoder": {
			"version": "1.1.1",
			"resolved": "https://registry.npmjs.org/string_decoder/-/string_decoder-1.1.1.tgz",
			"integrity": "sha512-n/ShnvDi6FHbbVfviro+WojiFzv+s8MPMHBczVePfUpDJLwoLT0ht1l4YwBCbi8pJAveEEdnkHyPyTP/mzRfwg==",
			"requires": {
				"safe-buffer": "~5.1.0"
			}
		},
		"timers-ext": {
			"version": "0.1.7",
			"resolved": "https://registry.npmjs.org/timers-ext/-/timers-ext-0.1.7.tgz",
			"integrity": "sha512-b85NUNzTSdodShTIbky6ZF02e8STtVVfD+fu4aXXShEELpozH+bCpJLYMPZbsABN2wDH7fJpqIoXxJpzbf0NqQ==",
			"requires": {
				"es5-ext": "~0.10.46",
				"next-tick": "1"
			}
		},
		"type": {
			"version": "1.2.0",
			"resolved": "https://registry.npmjs.org/type/-/type-1.2.0.tgz",
			"integrity": "sha512-+5nt5AAniqsCnu2cEQQdpzCAh33kVx8n0VoFidKpB1dVVLAN/F+bgVOqOJqOnEnrhp222clB5p3vUlD+1QAnfg=="
		},
		"typescript": {
			"version": "3.6.3",
			"resolved": "https://registry.npmjs.org/typescript/-/typescript-3.6.3.tgz",
			"integrity": "sha512-N7bceJL1CtRQ2RiG0AQME13ksR7DiuQh/QehubYcghzv20tnh+MQnQIuJddTmsbqYj+dztchykemz0zFzlvdQw==",
			"dev": true
		},
		"util-deprecate": {
			"version": "1.0.2",
			"resolved": "https://registry.npmjs.org/util-deprecate/-/util-deprecate-1.0.2.tgz",
			"integrity": "sha1-RQ1Nyfpw3nMnYvvS1KKJgUGaDM8="
		},
		"uuid": {
			"version": "3.3.3",
			"resolved": "https://registry.npmjs.org/uuid/-/uuid-3.3.3.tgz",
			"integrity": "sha512-pW0No1RGHgzlpHJO1nsVrHKpOEIxkGg1xB+v0ZmdNH5OAeAwzAVrCnI2/6Mtx+Uys6iaylxa+D3g4j63IKKjSQ=="
		}
	}
}
